
Microsoft Visual Studio Solution File, Format Version 12.00
# Visual Studio Version 17
VisualStudioVersion = 17.5.33424.131
MinimumVisualStudioVersion = 10.0.40219.1
Project("{FAE04EC0-301F-11D3-BF4B-00C04F79EFBC}") = "tabs_monitor", "tabs_monitor\tabs_monitor.csproj", "{EB4916BE-4F25-4AA8-B9AD-094C6A55F91B}"
EndProject
Global
	GlobalSection(SolutionConfigurationPlatforms) = preSolution
		Debug|Any CPU = Debug|Any CPU
		Release|Any CPU = Release|Any CPU
	EndGlobalSection
	GlobalSection(ProjectConfigurationPlatforms) = postSolution
		{EB4916BE-4F25-4AA8-B9AD-094C6A55F91B}.Debug|Any CPU.ActiveCfg = Debug|Any CPU
		{EB4916BE-4F25-4AA8-B9AD-094C6A55F91B}.Debug|Any CPU.Build.0 = Debug|Any CPU
		{EB4916BE-4F25-4AA8-B9AD-094C6A55F91B}.Release|Any CPU.ActiveCfg = Release|Any CPU
		{EB4916BE-4F25-4AA8-B9AD-094C6A55F91B}.Release|Any CPU.Build.0 = Release|Any CPU
	EndGlobalSection
	GlobalSection(SolutionProperties) = preSolution
		HideSolutionNode = FALSE
	EndGlobalSection
	GlobalSection(ExtensibilityGlobals) = postSolution
		SolutionGuid = {15D064F0-4851-4F2D-8EFC-CE6C4658AAC2}
	EndGlobalSection
EndGlobal
